
Microsoft Visual Studio Solution File, Format Version 12.00
# Visual Studio Version 17
VisualStudioVersion = 17.0.32112.339
MinimumVisualStudioVersion = 10.0.40219.1
Project("{FAE04EC0-301F-11D3-BF4B-00C04F79EFBC}") = "ClassLibrary4Roslyn", "ClassLibrary4Roslyn\ClassLibrary4Roslyn.csproj", "{7A1A02A1-E060-42B7-9693-9B3AE1BB635A}"
EndProject
Global
	GlobalSection(SolutionConfigurationPlatforms) = preSolution
		Debug|Any CPU = Debug|Any CPU
		Release|Any CPU = Release|Any CPU
	EndGlobalSection
	GlobalSection(ProjectConfigurationPlatforms) = postSolution
		{7A1A02A1-E060-42B7-9693-9B3AE1BB635A}.Debug|Any CPU.ActiveCfg = Debug|Any CPU
		{7A1A02A1-E060-42B7-9693-9B3AE1BB635A}.Debug|Any CPU.Build.0 = Debug|Any CPU
		{7A1A02A1-E060-42B7-9693-9B3AE1BB635A}.Release|Any CPU.ActiveCfg = Release|Any CPU
		{7A1A02A1-E060-42B7-9693-9B3AE1BB635A}.Release|Any CPU.Build.0 = Release|Any CPU
	EndGlobalSection
	GlobalSection(SolutionProperties) = preSolution
		HideSolutionNode = FALSE
	EndGlobalSection
	GlobalSection(ExtensibilityGlobals) = postSolution
		SolutionGuid = {405F7FCE-3130-4238-99EF-EBB36F5DC042}
	EndGlobalSection
EndGlobal
